
Microsoft Visual Studio Solution File, Format Version 12.00
# Visual Studio 15
VisualStudioVersion = 15.0.26730.12
MinimumVisualStudioVersion = 10.0.40219.1
Project("{9A19103F-16F7-4668-BE54-9A1E7A4F7556}") = "BDSA2017.Lecture01", "BDSA2017.Lecture01\BDSA2017.Lecture01.csproj", "{B1840B51-0502-4B8F-8DE7-120D44206198}"
EndProject
Project("{9A19103F-16F7-4668-BE54-9A1E7A4F7556}") = "BDSA2017.Lecture01.Tests", "BDSA2017.Lecture01.Tests\BDSA2017.Lecture01.Tests.csproj", "{9115D9F9-43ED-424B-B72A-6FF124D11317}"
EndProject
Project("{9A19103F-16F7-4668-BE54-9A1E7A4F7556}") = "BDSA2017.Lecture02", "BDSA2017.Lecture02\BDSA2017.Lecture02.csproj", "{B954129A-1E48-4463-A5C2-EEAAAD603275}"
EndProject
Project("{9A19103F-16F7-4668-BE54-9A1E7A4F7556}") = "BDSA2017.Lecture02.Tests", "BDSA2017.Lecture02.Tests\BDSA2017.Lecture02.Tests.csproj", "{7A40F7C5-3A4B-44FA-8226-504181C1CC54}"
EndProject
Project("{FAE04EC0-301F-11D3-BF4B-00C04F79EFBC}") = "BDSA2017.Lecture03.Tests", "BDSA2017.Lecture03.Tests\BDSA2017.Lecture03.Tests.csproj", "{FD32E9CC-4DDB-44D8-A243-BE99FA9E501A}"
EndProject
Project("{FAE04EC0-301F-11D3-BF4B-00C04F79EFBC}") = "BDSA2017.Lecture03", "BDSA2017.Lecture03\BDSA2017.Lecture03.csproj", "{90376152-3673-4FF6-A28E-B6012A31C0E7}"
EndProject
Global
	GlobalSection(SolutionConfigurationPlatforms) = preSolution
		Debug|Any CPU = Debug|Any CPU
		Release|Any CPU = Release|Any CPU
	EndGlobalSection
	GlobalSection(ProjectConfigurationPlatforms) = postSolution
		{B1840B51-0502-4B8F-8DE7-120D44206198}.Debug|Any CPU.ActiveCfg = Debug|Any CPU
		{B1840B51-0502-4B8F-8DE7-120D44206198}.Debug|Any CPU.Build.0 = Debug|Any CPU
		{B1840B51-0502-4B8F-8DE7-120D44206198}.Release|Any CPU.ActiveCfg = Release|Any CPU
		{B1840B51-0502-4B8F-8DE7-120D44206198}.Release|Any CPU.Build.0 = Release|Any CPU
		{9115D9F9-43ED-424B-B72A-6FF124D11317}.Debug|Any CPU.ActiveCfg = Debug|Any CPU
		{9115D9F9-43ED-424B-B72A-6FF124D11317}.Debug|Any CPU.Build.0 = Debug|Any CPU
		{9115D9F9-43ED-424B-B72A-6FF124D11317}.Release|Any CPU.ActiveCfg = Release|Any CPU
		{9115D9F9-43ED-424B-B72A-6FF124D11317}.Release|Any CPU.Build.0 = Release|Any CPU
		{B954129A-1E48-4463-A5C2-EEAAAD603275}.Debug|Any CPU.ActiveCfg = Debug|Any CPU
		{B954129A-1E48-4463-A5C2-EEAAAD603275}.Debug|Any CPU.Build.0 = Debug|Any CPU
		{B954129A-1E48-4463-A5C2-EEAAAD603275}.Release|Any CPU.ActiveCfg = Release|Any CPU
		{B954129A-1E48-4463-A5C2-EEAAAD603275}.Release|Any CPU.Build.0 = Release|Any CPU
		{7A40F7C5-3A4B-44FA-8226-504181C1CC54}.Debug|Any CPU.ActiveCfg = Debug|Any CPU
		{7A40F7C5-3A4B-44FA-8226-504181C1CC54}.Debug|Any CPU.Build.0 = Debug|Any CPU
		{7A40F7C5-3A4B-44FA-8226-504181C1CC54}.Release|Any CPU.ActiveCfg = Release|Any CPU
		{7A40F7C5-3A4B-44FA-8226-504181C1CC54}.Release|Any CPU.Build.0 = Release|Any CPU
		{FD32E9CC-4DDB-44D8-A243-BE99FA9E501A}.Debug|Any CPU.ActiveCfg = Debug|Any CPU
		{FD32E9CC-4DDB-44D8-A243-BE99FA9E501A}.Debug|Any CPU.Build.0 = Debug|Any CPU
		{FD32E9CC-4DDB-44D8-A243-BE99FA9E501A}.Release|Any CPU.ActiveCfg = Release|Any CPU
		{FD32E9CC-4DDB-44D8-A243-BE99FA9E501A}.Release|Any CPU.Build.0 = Release|Any CPU
		{90376152-3673-4FF6-A28E-B6012A31C0E7}.Debug|Any CPU.ActiveCfg = Debug|Any CPU
		{90376152-3673-4FF6-A28E-B6012A31C0E7}.Debug|Any CPU.Build.0 = Debug|Any CPU
		{90376152-3673-4FF6-A28E-B6012A31C0E7}.Release|Any CPU.ActiveCfg = Release|Any CPU
		{90376152-3673-4FF6-A28E-B6012A31C0E7}.Release|Any CPU.Build.0 = Release|Any CPU
	EndGlobalSection
	GlobalSection(SolutionProperties) = preSolution
		HideSolutionNode = FALSE
	EndGlobalSection
	GlobalSection(ExtensibilityGlobals) = postSolution
		SolutionGuid = {851D9CD6-9218-4CE6-AA65-077ABAF8F695}
	EndGlobalSection
EndGlobal
