
Microsoft Visual Studio Solution File, Format Version 12.00
# Visual Studio 15
VisualStudioVersion = 15.0.27004.2006
MinimumVisualStudioVersion = 10.0.40219.1
Project("{9A19103F-16F7-4668-BE54-9A1E7A4F7556}") = "BDSA2017.Lecture01", "BDSA2017.Lecture01\BDSA2017.Lecture01.csproj", "{B1840B51-0502-4B8F-8DE7-120D44206198}"
EndProject
Project("{9A19103F-16F7-4668-BE54-9A1E7A4F7556}") = "BDSA2017.Lecture01.Tests", "BDSA2017.Lecture01.Tests\BDSA2017.Lecture01.Tests.csproj", "{9115D9F9-43ED-424B-B72A-6FF124D11317}"
EndProject
Project("{9A19103F-16F7-4668-BE54-9A1E7A4F7556}") = "BDSA2017.Lecture02", "BDSA2017.Lecture02\BDSA2017.Lecture02.csproj", "{B954129A-1E48-4463-A5C2-EEAAAD603275}"
EndProject
Project("{9A19103F-16F7-4668-BE54-9A1E7A4F7556}") = "BDSA2017.Lecture02.Tests", "BDSA2017.Lecture02.Tests\BDSA2017.Lecture02.Tests.csproj", "{7A40F7C5-3A4B-44FA-8226-504181C1CC54}"
EndProject
Project("{9A19103F-16F7-4668-BE54-9A1E7A4F7556}") = "BDSA2017.Lecture03.Tests", "BDSA2017.Lecture03.Tests\BDSA2017.Lecture03.Tests.csproj", "{FD32E9CC-4DDB-44D8-A243-BE99FA9E501A}"
EndProject
Project("{9A19103F-16F7-4668-BE54-9A1E7A4F7556}") = "BDSA2017.Lecture03", "BDSA2017.Lecture03\BDSA2017.Lecture03.csproj", "{90376152-3673-4FF6-A28E-B6012A31C0E7}"
EndProject
Project("{9A19103F-16F7-4668-BE54-9A1E7A4F7556}") = "BDSA2017.Lecture04", "BDSA2017.Lecture04\BDSA2017.Lecture04.csproj", "{38BD4C8E-598F-40E3-BA79-E2AC3C2BF01E}"
EndProject
Project("{9A19103F-16F7-4668-BE54-9A1E7A4F7556}") = "BDSA2017.Lecture04.Tests", "BDSA2017.Lecture04.Tests\BDSA2017.Lecture04.Tests.csproj", "{692890C6-5B88-4AB5-AB8F-EA36B3354CE6}"
EndProject
Project("{9A19103F-16F7-4668-BE54-9A1E7A4F7556}") = "BDSA2017.Lecture05", "BDSA2017.Lecture05\BDSA2017.Lecture05.csproj", "{4FFBFB86-4FCD-46B5-92BB-1E85206E4210}"
EndProject
Project("{9A19103F-16F7-4668-BE54-9A1E7A4F7556}") = "BDSA2017.Lecture05.Tests", "BDSA2017.Lecture05.Tests\BDSA2017.Lecture05.Tests.csproj", "{289A3B25-91CF-45CA-BF88-CF944189D056}"
EndProject
Project("{9A19103F-16F7-4668-BE54-9A1E7A4F7556}") = "BDSA2017.Lecture06", "BDSA2017.Lecture06\BDSA2017.Lecture06.csproj", "{EE4720C1-4FCD-4F31-9235-65CA8193164B}"
EndProject
Project("{9A19103F-16F7-4668-BE54-9A1E7A4F7556}") = "BDSA2017.Lecture06.Tests", "BDSA2017.Lecture06.Tests\BDSA2017.Lecture06.Tests.csproj", "{A880A29B-0A9B-458C-A675-598915063557}"
EndProject
Project("{FAE04EC0-301F-11D3-BF4B-00C04F79EFBC}") = "BDSA2017.Lecture06.App", "BDSA2017.Lecture06.App\BDSA2017.Lecture06.App.csproj", "{3C6D0A0C-714A-4F2C-AFBC-2E2911737302}"
EndProject
Project("{9A19103F-16F7-4668-BE54-9A1E7A4F7556}") = "BDSA2017.Lecture07.Entities", "BDSA2017.Lecture07.Entities\BDSA2017.Lecture07.Entities.csproj", "{03807C5D-2941-40A8-B908-DC347A8CA19C}"
EndProject
Project("{9A19103F-16F7-4668-BE54-9A1E7A4F7556}") = "BDSA2017.Lecture07.Models", "BDSA2017.Lecture07.Models\BDSA2017.Lecture07.Models.csproj", "{7FEA56B9-BAAE-46D2-9EB7-335CA1DE95FA}"
EndProject
Project("{9A19103F-16F7-4668-BE54-9A1E7A4F7556}") = "BDSA2017.Lecture07.Models.Tests", "BDSA2017.Lecture07.Models.Tests\BDSA2017.Lecture07.Models.Tests.csproj", "{353DAF7F-DE21-4E07-9E32-3DD66736ED88}"
EndProject
Project("{9A19103F-16F7-4668-BE54-9A1E7A4F7556}") = "BDSA2017.Lecture07.Web", "BDSA2017.Lecture07.Web\BDSA2017.Lecture07.Web.csproj", "{679E983E-2A24-4EAE-A241-8257F26EE0BE}"
EndProject
Project("{9A19103F-16F7-4668-BE54-9A1E7A4F7556}") = "BDSA2017.Lecture07.Web.Tests", "BDSA2017.Lecture07.Web.Tests\BDSA2017.Lecture07.Web.Tests.csproj", "{DBA68C19-E173-444A-9AAB-FB767B1B8079}"
EndProject
Project("{9A19103F-16F7-4668-BE54-9A1E7A4F7556}") = "BDSA2017.Lecture08.Models", "BDSA2017.Lecture08.Models\BDSA2017.Lecture08.Models.csproj", "{86221C74-6B4C-4FB0-9482-E6A5669ECEDA}"
EndProject
Project("{9A19103F-16F7-4668-BE54-9A1E7A4F7556}") = "BDSA2017.Lecture08.Models.Tests", "BDSA2017.Lecture08.Models.Tests\BDSA2017.Lecture08.Models.Tests.csproj", "{623A30E5-1B6F-446D-BC49-4CC6F713BEEE}"
EndProject
Project("{9A19103F-16F7-4668-BE54-9A1E7A4F7556}") = "BDSA2017.Lecture08", "BDSA2017.Lecture08\BDSA2017.Lecture08.csproj", "{72AFCC8A-5786-4132-86C3-56F0FC17671A}"
EndProject
Project("{FAE04EC0-301F-11D3-BF4B-00C04F79EFBC}") = "BDSA2017.Lecture09.MVVM", "BDSA2017.Lecture09.MVVM\BDSA2017.Lecture09.MVVM.csproj", "{F2579A8F-B919-4DF8-BE4D-1913FE5B7D2B}"
EndProject
Project("{2150E333-8FDC-42A3-9474-1A3956D46DE8}") = "Solution Items", "Solution Items", "{7B4097E6-087B-4169-A4B1-0D8456E205DE}"
	ProjectSection(SolutionItems) = preProject
		Lecture09-notes.txt = Lecture09-notes.txt
		README.md = README.md
	EndProjectSection
EndProject
Project("{FAE04EC0-301F-11D3-BF4B-00C04F79EFBC}") = "BDSA2017.Lecture09.MyApp", "BDSA2017.Lecture09.MyApp\BDSA2017.Lecture09.MyApp.csproj", "{4720B26E-41EB-4D72-99FE-A3CE77B262BF}"
EndProject
Project("{FAE04EC0-301F-11D3-BF4B-00C04F79EFBC}") = "BDSA2017.Lecture09.MVVM.Tests", "BDSA2017.Lecture09.MVVM.Tests\BDSA2017.Lecture09.MVVM.Tests.csproj", "{79D7C4CF-709B-4AC3-AAE4-4CF6C2ADA211}"
EndProject
Global
	GlobalSection(SolutionConfigurationPlatforms) = preSolution
		Debug|Any CPU = Debug|Any CPU
		Debug|ARM = Debug|ARM
		Debug|x64 = Debug|x64
		Debug|x86 = Debug|x86
		Release|Any CPU = Release|Any CPU
		Release|ARM = Release|ARM
		Release|x64 = Release|x64
		Release|x86 = Release|x86
	EndGlobalSection
	GlobalSection(ProjectConfigurationPlatforms) = postSolution
		{B1840B51-0502-4B8F-8DE7-120D44206198}.Debug|Any CPU.ActiveCfg = Debug|Any CPU
		{B1840B51-0502-4B8F-8DE7-120D44206198}.Debug|Any CPU.Build.0 = Debug|Any CPU
		{B1840B51-0502-4B8F-8DE7-120D44206198}.Debug|ARM.ActiveCfg = Debug|Any CPU
		{B1840B51-0502-4B8F-8DE7-120D44206198}.Debug|ARM.Build.0 = Debug|Any CPU
		{B1840B51-0502-4B8F-8DE7-120D44206198}.Debug|x64.ActiveCfg = Debug|Any CPU
		{B1840B51-0502-4B8F-8DE7-120D44206198}.Debug|x64.Build.0 = Debug|Any CPU
		{B1840B51-0502-4B8F-8DE7-120D44206198}.Debug|x86.ActiveCfg = Debug|Any CPU
		{B1840B51-0502-4B8F-8DE7-120D44206198}.Debug|x86.Build.0 = Debug|Any CPU
		{B1840B51-0502-4B8F-8DE7-120D44206198}.Release|Any CPU.ActiveCfg = Release|Any CPU
		{B1840B51-0502-4B8F-8DE7-120D44206198}.Release|Any CPU.Build.0 = Release|Any CPU
		{B1840B51-0502-4B8F-8DE7-120D44206198}.Release|ARM.ActiveCfg = Release|Any CPU
		{B1840B51-0502-4B8F-8DE7-120D44206198}.Release|ARM.Build.0 = Release|Any CPU
		{B1840B51-0502-4B8F-8DE7-120D44206198}.Release|x64.ActiveCfg = Release|Any CPU
		{B1840B51-0502-4B8F-8DE7-120D44206198}.Release|x64.Build.0 = Release|Any CPU
		{B1840B51-0502-4B8F-8DE7-120D44206198}.Release|x86.ActiveCfg = Release|Any CPU
		{B1840B51-0502-4B8F-8DE7-120D44206198}.Release|x86.Build.0 = Release|Any CPU
		{9115D9F9-43ED-424B-B72A-6FF124D11317}.Debug|Any CPU.ActiveCfg = Debug|Any CPU
		{9115D9F9-43ED-424B-B72A-6FF124D11317}.Debug|Any CPU.Build.0 = Debug|Any CPU
		{9115D9F9-43ED-424B-B72A-6FF124D11317}.Debug|ARM.ActiveCfg = Debug|Any CPU
		{9115D9F9-43ED-424B-B72A-6FF124D11317}.Debug|ARM.Build.0 = Debug|Any CPU
		{9115D9F9-43ED-424B-B72A-6FF124D11317}.Debug|x64.ActiveCfg = Debug|Any CPU
		{9115D9F9-43ED-424B-B72A-6FF124D11317}.Debug|x64.Build.0 = Debug|Any CPU
		{9115D9F9-43ED-424B-B72A-6FF124D11317}.Debug|x86.ActiveCfg = Debug|Any CPU
		{9115D9F9-43ED-424B-B72A-6FF124D11317}.Debug|x86.Build.0 = Debug|Any CPU
		{9115D9F9-43ED-424B-B72A-6FF124D11317}.Release|Any CPU.ActiveCfg = Release|Any CPU
		{9115D9F9-43ED-424B-B72A-6FF124D11317}.Release|Any CPU.Build.0 = Release|Any CPU
		{9115D9F9-43ED-424B-B72A-6FF124D11317}.Release|ARM.ActiveCfg = Release|Any CPU
		{9115D9F9-43ED-424B-B72A-6FF124D11317}.Release|ARM.Build.0 = Release|Any CPU
		{9115D9F9-43ED-424B-B72A-6FF124D11317}.Release|x64.ActiveCfg = Release|Any CPU
		{9115D9F9-43ED-424B-B72A-6FF124D11317}.Release|x64.Build.0 = Release|Any CPU
		{9115D9F9-43ED-424B-B72A-6FF124D11317}.Release|x86.ActiveCfg = Release|Any CPU
		{9115D9F9-43ED-424B-B72A-6FF124D11317}.Release|x86.Build.0 = Release|Any CPU
		{B954129A-1E48-4463-A5C2-EEAAAD603275}.Debug|Any CPU.ActiveCfg = Debug|Any CPU
		{B954129A-1E48-4463-A5C2-EEAAAD603275}.Debug|Any CPU.Build.0 = Debug|Any CPU
		{B954129A-1E48-4463-A5C2-EEAAAD603275}.Debug|ARM.ActiveCfg = Debug|Any CPU
		{B954129A-1E48-4463-A5C2-EEAAAD603275}.Debug|ARM.Build.0 = Debug|Any CPU
		{B954129A-1E48-4463-A5C2-EEAAAD603275}.Debug|x64.ActiveCfg = Debug|Any CPU
		{B954129A-1E48-4463-A5C2-EEAAAD603275}.Debug|x64.Build.0 = Debug|Any CPU
		{B954129A-1E48-4463-A5C2-EEAAAD603275}.Debug|x86.ActiveCfg = Debug|Any CPU
		{B954129A-1E48-4463-A5C2-EEAAAD603275}.Debug|x86.Build.0 = Debug|Any CPU
		{B954129A-1E48-4463-A5C2-EEAAAD603275}.Release|Any CPU.ActiveCfg = Release|Any CPU
		{B954129A-1E48-4463-A5C2-EEAAAD603275}.Release|Any CPU.Build.0 = Release|Any CPU
		{B954129A-1E48-4463-A5C2-EEAAAD603275}.Release|ARM.ActiveCfg = Release|Any CPU
		{B954129A-1E48-4463-A5C2-EEAAAD603275}.Release|ARM.Build.0 = Release|Any CPU
		{B954129A-1E48-4463-A5C2-EEAAAD603275}.Release|x64.ActiveCfg = Release|Any CPU
		{B954129A-1E48-4463-A5C2-EEAAAD603275}.Release|x64.Build.0 = Release|Any CPU
		{B954129A-1E48-4463-A5C2-EEAAAD603275}.Release|x86.ActiveCfg = Release|Any CPU
		{B954129A-1E48-4463-A5C2-EEAAAD603275}.Release|x86.Build.0 = Release|Any CPU
		{7A40F7C5-3A4B-44FA-8226-504181C1CC54}.Debug|Any CPU.ActiveCfg = Debug|Any CPU
		{7A40F7C5-3A4B-44FA-8226-504181C1CC54}.Debug|Any CPU.Build.0 = Debug|Any CPU
		{7A40F7C5-3A4B-44FA-8226-504181C1CC54}.Debug|ARM.ActiveCfg = Debug|Any CPU
		{7A40F7C5-3A4B-44FA-8226-504181C1CC54}.Debug|ARM.Build.0 = Debug|Any CPU
		{7A40F7C5-3A4B-44FA-8226-504181C1CC54}.Debug|x64.ActiveCfg = Debug|Any CPU
		{7A40F7C5-3A4B-44FA-8226-504181C1CC54}.Debug|x64.Build.0 = Debug|Any CPU
		{7A40F7C5-3A4B-44FA-8226-504181C1CC54}.Debug|x86.ActiveCfg = Debug|Any CPU
		{7A40F7C5-3A4B-44FA-8226-504181C1CC54}.Debug|x86.Build.0 = Debug|Any CPU
		{7A40F7C5-3A4B-44FA-8226-504181C1CC54}.Release|Any CPU.ActiveCfg = Release|Any CPU
		{7A40F7C5-3A4B-44FA-8226-504181C1CC54}.Release|Any CPU.Build.0 = Release|Any CPU
		{7A40F7C5-3A4B-44FA-8226-504181C1CC54}.Release|ARM.ActiveCfg = Release|Any CPU
		{7A40F7C5-3A4B-44FA-8226-504181C1CC54}.Release|ARM.Build.0 = Release|Any CPU
		{7A40F7C5-3A4B-44FA-8226-504181C1CC54}.Release|x64.ActiveCfg = Release|Any CPU
		{7A40F7C5-3A4B-44FA-8226-504181C1CC54}.Release|x64.Build.0 = Release|Any CPU
		{7A40F7C5-3A4B-44FA-8226-504181C1CC54}.Release|x86.ActiveCfg = Release|Any CPU
		{7A40F7C5-3A4B-44FA-8226-504181C1CC54}.Release|x86.Build.0 = Release|Any CPU
		{FD32E9CC-4DDB-44D8-A243-BE99FA9E501A}.Debug|Any CPU.ActiveCfg = Debug|Any CPU
		{FD32E9CC-4DDB-44D8-A243-BE99FA9E501A}.Debug|Any CPU.Build.0 = Debug|Any CPU
		{FD32E9CC-4DDB-44D8-A243-BE99FA9E501A}.Debug|ARM.ActiveCfg = Debug|Any CPU
		{FD32E9CC-4DDB-44D8-A243-BE99FA9E501A}.Debug|ARM.Build.0 = Debug|Any CPU
		{FD32E9CC-4DDB-44D8-A243-BE99FA9E501A}.Debug|x64.ActiveCfg = Debug|Any CPU
		{FD32E9CC-4DDB-44D8-A243-BE99FA9E501A}.Debug|x64.Build.0 = Debug|Any CPU
		{FD32E9CC-4DDB-44D8-A243-BE99FA9E501A}.Debug|x86.ActiveCfg = Debug|Any CPU
		{FD32E9CC-4DDB-44D8-A243-BE99FA9E501A}.Debug|x86.Build.0 = Debug|Any CPU
		{FD32E9CC-4DDB-44D8-A243-BE99FA9E501A}.Release|Any CPU.ActiveCfg = Release|Any CPU
		{FD32E9CC-4DDB-44D8-A243-BE99FA9E501A}.Release|Any CPU.Build.0 = Release|Any CPU
		{FD32E9CC-4DDB-44D8-A243-BE99FA9E501A}.Release|ARM.ActiveCfg = Release|Any CPU
		{FD32E9CC-4DDB-44D8-A243-BE99FA9E501A}.Release|ARM.Build.0 = Release|Any CPU
		{FD32E9CC-4DDB-44D8-A243-BE99FA9E501A}.Release|x64.ActiveCfg = Release|Any CPU
		{FD32E9CC-4DDB-44D8-A243-BE99FA9E501A}.Release|x64.Build.0 = Release|Any CPU
		{FD32E9CC-4DDB-44D8-A243-BE99FA9E501A}.Release|x86.ActiveCfg = Release|Any CPU
		{FD32E9CC-4DDB-44D8-A243-BE99FA9E501A}.Release|x86.Build.0 = Release|Any CPU
		{90376152-3673-4FF6-A28E-B6012A31C0E7}.Debug|Any CPU.ActiveCfg = Debug|Any CPU
		{90376152-3673-4FF6-A28E-B6012A31C0E7}.Debug|Any CPU.Build.0 = Debug|Any CPU
		{90376152-3673-4FF6-A28E-B6012A31C0E7}.Debug|ARM.ActiveCfg = Debug|Any CPU
		{90376152-3673-4FF6-A28E-B6012A31C0E7}.Debug|ARM.Build.0 = Debug|Any CPU
		{90376152-3673-4FF6-A28E-B6012A31C0E7}.Debug|x64.ActiveCfg = Debug|Any CPU
		{90376152-3673-4FF6-A28E-B6012A31C0E7}.Debug|x64.Build.0 = Debug|Any CPU
		{90376152-3673-4FF6-A28E-B6012A31C0E7}.Debug|x86.ActiveCfg = Debug|Any CPU
		{90376152-3673-4FF6-A28E-B6012A31C0E7}.Debug|x86.Build.0 = Debug|Any CPU
		{90376152-3673-4FF6-A28E-B6012A31C0E7}.Release|Any CPU.ActiveCfg = Release|Any CPU
		{90376152-3673-4FF6-A28E-B6012A31C0E7}.Release|Any CPU.Build.0 = Release|Any CPU
		{90376152-3673-4FF6-A28E-B6012A31C0E7}.Release|ARM.ActiveCfg = Release|Any CPU
		{90376152-3673-4FF6-A28E-B6012A31C0E7}.Release|ARM.Build.0 = Release|Any CPU
		{90376152-3673-4FF6-A28E-B6012A31C0E7}.Release|x64.ActiveCfg = Release|Any CPU
		{90376152-3673-4FF6-A28E-B6012A31C0E7}.Release|x64.Build.0 = Release|Any CPU
		{90376152-3673-4FF6-A28E-B6012A31C0E7}.Release|x86.ActiveCfg = Release|Any CPU
		{90376152-3673-4FF6-A28E-B6012A31C0E7}.Release|x86.Build.0 = Release|Any CPU
		{38BD4C8E-598F-40E3-BA79-E2AC3C2BF01E}.Debug|Any CPU.ActiveCfg = Debug|Any CPU
		{38BD4C8E-598F-40E3-BA79-E2AC3C2BF01E}.Debug|Any CPU.Build.0 = Debug|Any CPU
		{38BD4C8E-598F-40E3-BA79-E2AC3C2BF01E}.Debug|ARM.ActiveCfg = Debug|Any CPU
		{38BD4C8E-598F-40E3-BA79-E2AC3C2BF01E}.Debug|ARM.Build.0 = Debug|Any CPU
		{38BD4C8E-598F-40E3-BA79-E2AC3C2BF01E}.Debug|x64.ActiveCfg = Debug|Any CPU
		{38BD4C8E-598F-40E3-BA79-E2AC3C2BF01E}.Debug|x64.Build.0 = Debug|Any CPU
		{38BD4C8E-598F-40E3-BA79-E2AC3C2BF01E}.Debug|x86.ActiveCfg = Debug|Any CPU
		{38BD4C8E-598F-40E3-BA79-E2AC3C2BF01E}.Debug|x86.Build.0 = Debug|Any CPU
		{38BD4C8E-598F-40E3-BA79-E2AC3C2BF01E}.Release|Any CPU.ActiveCfg = Release|Any CPU
		{38BD4C8E-598F-40E3-BA79-E2AC3C2BF01E}.Release|Any CPU.Build.0 = Release|Any CPU
		{38BD4C8E-598F-40E3-BA79-E2AC3C2BF01E}.Release|ARM.ActiveCfg = Release|Any CPU
		{38BD4C8E-598F-40E3-BA79-E2AC3C2BF01E}.Release|ARM.Build.0 = Release|Any CPU
		{38BD4C8E-598F-40E3-BA79-E2AC3C2BF01E}.Release|x64.ActiveCfg = Release|Any CPU
		{38BD4C8E-598F-40E3-BA79-E2AC3C2BF01E}.Release|x64.Build.0 = Release|Any CPU
		{38BD4C8E-598F-40E3-BA79-E2AC3C2BF01E}.Release|x86.ActiveCfg = Release|Any CPU
		{38BD4C8E-598F-40E3-BA79-E2AC3C2BF01E}.Release|x86.Build.0 = Release|Any CPU
		{692890C6-5B88-4AB5-AB8F-EA36B3354CE6}.Debug|Any CPU.ActiveCfg = Debug|Any CPU
		{692890C6-5B88-4AB5-AB8F-EA36B3354CE6}.Debug|Any CPU.Build.0 = Debug|Any CPU
		{692890C6-5B88-4AB5-AB8F-EA36B3354CE6}.Debug|ARM.ActiveCfg = Debug|Any CPU
		{692890C6-5B88-4AB5-AB8F-EA36B3354CE6}.Debug|ARM.Build.0 = Debug|Any CPU
		{692890C6-5B88-4AB5-AB8F-EA36B3354CE6}.Debug|x64.ActiveCfg = Debug|Any CPU
		{692890C6-5B88-4AB5-AB8F-EA36B3354CE6}.Debug|x64.Build.0 = Debug|Any CPU
		{692890C6-5B88-4AB5-AB8F-EA36B3354CE6}.Debug|x86.ActiveCfg = Debug|Any CPU
		{692890C6-5B88-4AB5-AB8F-EA36B3354CE6}.Debug|x86.Build.0 = Debug|Any CPU
		{692890C6-5B88-4AB5-AB8F-EA36B3354CE6}.Release|Any CPU.ActiveCfg = Release|Any CPU
		{692890C6-5B88-4AB5-AB8F-EA36B3354CE6}.Release|Any CPU.Build.0 = Release|Any CPU
		{692890C6-5B88-4AB5-AB8F-EA36B3354CE6}.Release|ARM.ActiveCfg = Release|Any CPU
		{692890C6-5B88-4AB5-AB8F-EA36B3354CE6}.Release|ARM.Build.0 = Release|Any CPU
		{692890C6-5B88-4AB5-AB8F-EA36B3354CE6}.Release|x64.ActiveCfg = Release|Any CPU
		{692890C6-5B88-4AB5-AB8F-EA36B3354CE6}.Release|x64.Build.0 = Release|Any CPU
		{692890C6-5B88-4AB5-AB8F-EA36B3354CE6}.Release|x86.ActiveCfg = Release|Any CPU
		{692890C6-5B88-4AB5-AB8F-EA36B3354CE6}.Release|x86.Build.0 = Release|Any CPU
		{4FFBFB86-4FCD-46B5-92BB-1E85206E4210}.Debug|Any CPU.ActiveCfg = Debug|Any CPU
		{4FFBFB86-4FCD-46B5-92BB-1E85206E4210}.Debug|Any CPU.Build.0 = Debug|Any CPU
		{4FFBFB86-4FCD-46B5-92BB-1E85206E4210}.Debug|ARM.ActiveCfg = Debug|Any CPU
		{4FFBFB86-4FCD-46B5-92BB-1E85206E4210}.Debug|ARM.Build.0 = Debug|Any CPU
		{4FFBFB86-4FCD-46B5-92BB-1E85206E4210}.Debug|x64.ActiveCfg = Debug|Any CPU
		{4FFBFB86-4FCD-46B5-92BB-1E85206E4210}.Debug|x64.Build.0 = Debug|Any CPU
		{4FFBFB86-4FCD-46B5-92BB-1E85206E4210}.Debug|x86.ActiveCfg = Debug|Any CPU
		{4FFBFB86-4FCD-46B5-92BB-1E85206E4210}.Debug|x86.Build.0 = Debug|Any CPU
		{4FFBFB86-4FCD-46B5-92BB-1E85206E4210}.Release|Any CPU.ActiveCfg = Release|Any CPU
		{4FFBFB86-4FCD-46B5-92BB-1E85206E4210}.Release|Any CPU.Build.0 = Release|Any CPU
		{4FFBFB86-4FCD-46B5-92BB-1E85206E4210}.Release|ARM.ActiveCfg = Release|Any CPU
		{4FFBFB86-4FCD-46B5-92BB-1E85206E4210}.Release|ARM.Build.0 = Release|Any CPU
		{4FFBFB86-4FCD-46B5-92BB-1E85206E4210}.Release|x64.ActiveCfg = Release|Any CPU
		{4FFBFB86-4FCD-46B5-92BB-1E85206E4210}.Release|x64.Build.0 = Release|Any CPU
		{4FFBFB86-4FCD-46B5-92BB-1E85206E4210}.Release|x86.ActiveCfg = Release|Any CPU
		{4FFBFB86-4FCD-46B5-92BB-1E85206E4210}.Release|x86.Build.0 = Release|Any CPU
		{289A3B25-91CF-45CA-BF88-CF944189D056}.Debug|Any CPU.ActiveCfg = Debug|Any CPU
		{289A3B25-91CF-45CA-BF88-CF944189D056}.Debug|Any CPU.Build.0 = Debug|Any CPU
		{289A3B25-91CF-45CA-BF88-CF944189D056}.Debug|ARM.ActiveCfg = Debug|Any CPU
		{289A3B25-91CF-45CA-BF88-CF944189D056}.Debug|ARM.Build.0 = Debug|Any CPU
		{289A3B25-91CF-45CA-BF88-CF944189D056}.Debug|x64.ActiveCfg = Debug|Any CPU
		{289A3B25-91CF-45CA-BF88-CF944189D056}.Debug|x64.Build.0 = Debug|Any CPU
		{289A3B25-91CF-45CA-BF88-CF944189D056}.Debug|x86.ActiveCfg = Debug|Any CPU
		{289A3B25-91CF-45CA-BF88-CF944189D056}.Debug|x86.Build.0 = Debug|Any CPU
		{289A3B25-91CF-45CA-BF88-CF944189D056}.Release|Any CPU.ActiveCfg = Release|Any CPU
		{289A3B25-91CF-45CA-BF88-CF944189D056}.Release|Any CPU.Build.0 = Release|Any CPU
		{289A3B25-91CF-45CA-BF88-CF944189D056}.Release|ARM.ActiveCfg = Release|Any CPU
		{289A3B25-91CF-45CA-BF88-CF944189D056}.Release|ARM.Build.0 = Release|Any CPU
		{289A3B25-91CF-45CA-BF88-CF944189D056}.Release|x64.ActiveCfg = Release|Any CPU
		{289A3B25-91CF-45CA-BF88-CF944189D056}.Release|x64.Build.0 = Release|Any CPU
		{289A3B25-91CF-45CA-BF88-CF944189D056}.Release|x86.ActiveCfg = Release|Any CPU
		{289A3B25-91CF-45CA-BF88-CF944189D056}.Release|x86.Build.0 = Release|Any CPU
		{EE4720C1-4FCD-4F31-9235-65CA8193164B}.Debug|Any CPU.ActiveCfg = Debug|Any CPU
		{EE4720C1-4FCD-4F31-9235-65CA8193164B}.Debug|Any CPU.Build.0 = Debug|Any CPU
		{EE4720C1-4FCD-4F31-9235-65CA8193164B}.Debug|ARM.ActiveCfg = Debug|Any CPU
		{EE4720C1-4FCD-4F31-9235-65CA8193164B}.Debug|ARM.Build.0 = Debug|Any CPU
		{EE4720C1-4FCD-4F31-9235-65CA8193164B}.Debug|x64.ActiveCfg = Debug|Any CPU
		{EE4720C1-4FCD-4F31-9235-65CA8193164B}.Debug|x64.Build.0 = Debug|Any CPU
		{EE4720C1-4FCD-4F31-9235-65CA8193164B}.Debug|x86.ActiveCfg = Debug|Any CPU
		{EE4720C1-4FCD-4F31-9235-65CA8193164B}.Debug|x86.Build.0 = Debug|Any CPU
		{EE4720C1-4FCD-4F31-9235-65CA8193164B}.Release|Any CPU.ActiveCfg = Release|Any CPU
		{EE4720C1-4FCD-4F31-9235-65CA8193164B}.Release|Any CPU.Build.0 = Release|Any CPU
		{EE4720C1-4FCD-4F31-9235-65CA8193164B}.Release|ARM.ActiveCfg = Release|Any CPU
		{EE4720C1-4FCD-4F31-9235-65CA8193164B}.Release|ARM.Build.0 = Release|Any CPU
		{EE4720C1-4FCD-4F31-9235-65CA8193164B}.Release|x64.ActiveCfg = Release|Any CPU
		{EE4720C1-4FCD-4F31-9235-65CA8193164B}.Release|x64.Build.0 = Release|Any CPU
		{EE4720C1-4FCD-4F31-9235-65CA8193164B}.Release|x86.ActiveCfg = Release|Any CPU
		{EE4720C1-4FCD-4F31-9235-65CA8193164B}.Release|x86.Build.0 = Release|Any CPU
		{A880A29B-0A9B-458C-A675-598915063557}.Debug|Any CPU.ActiveCfg = Debug|Any CPU
		{A880A29B-0A9B-458C-A675-598915063557}.Debug|Any CPU.Build.0 = Debug|Any CPU
		{A880A29B-0A9B-458C-A675-598915063557}.Debug|ARM.ActiveCfg = Debug|Any CPU
		{A880A29B-0A9B-458C-A675-598915063557}.Debug|ARM.Build.0 = Debug|Any CPU
		{A880A29B-0A9B-458C-A675-598915063557}.Debug|x64.ActiveCfg = Debug|Any CPU
		{A880A29B-0A9B-458C-A675-598915063557}.Debug|x64.Build.0 = Debug|Any CPU
		{A880A29B-0A9B-458C-A675-598915063557}.Debug|x86.ActiveCfg = Debug|Any CPU
		{A880A29B-0A9B-458C-A675-598915063557}.Debug|x86.Build.0 = Debug|Any CPU
		{A880A29B-0A9B-458C-A675-598915063557}.Release|Any CPU.ActiveCfg = Release|Any CPU
		{A880A29B-0A9B-458C-A675-598915063557}.Release|Any CPU.Build.0 = Release|Any CPU
		{A880A29B-0A9B-458C-A675-598915063557}.Release|ARM.ActiveCfg = Release|Any CPU
		{A880A29B-0A9B-458C-A675-598915063557}.Release|ARM.Build.0 = Release|Any CPU
		{A880A29B-0A9B-458C-A675-598915063557}.Release|x64.ActiveCfg = Release|Any CPU
		{A880A29B-0A9B-458C-A675-598915063557}.Release|x64.Build.0 = Release|Any CPU
		{A880A29B-0A9B-458C-A675-598915063557}.Release|x86.ActiveCfg = Release|Any CPU
		{A880A29B-0A9B-458C-A675-598915063557}.Release|x86.Build.0 = Release|Any CPU
		{3C6D0A0C-714A-4F2C-AFBC-2E2911737302}.Debug|Any CPU.ActiveCfg = Debug|x86
		{3C6D0A0C-714A-4F2C-AFBC-2E2911737302}.Debug|Any CPU.Build.0 = Debug|x86
		{3C6D0A0C-714A-4F2C-AFBC-2E2911737302}.Debug|Any CPU.Deploy.0 = Debug|x86
		{3C6D0A0C-714A-4F2C-AFBC-2E2911737302}.Debug|ARM.ActiveCfg = Debug|ARM
		{3C6D0A0C-714A-4F2C-AFBC-2E2911737302}.Debug|ARM.Build.0 = Debug|ARM
		{3C6D0A0C-714A-4F2C-AFBC-2E2911737302}.Debug|ARM.Deploy.0 = Debug|ARM
		{3C6D0A0C-714A-4F2C-AFBC-2E2911737302}.Debug|x64.ActiveCfg = Debug|x64
		{3C6D0A0C-714A-4F2C-AFBC-2E2911737302}.Debug|x64.Build.0 = Debug|x64
		{3C6D0A0C-714A-4F2C-AFBC-2E2911737302}.Debug|x64.Deploy.0 = Debug|x64
		{3C6D0A0C-714A-4F2C-AFBC-2E2911737302}.Debug|x86.ActiveCfg = Debug|x86
		{3C6D0A0C-714A-4F2C-AFBC-2E2911737302}.Debug|x86.Build.0 = Debug|x86
		{3C6D0A0C-714A-4F2C-AFBC-2E2911737302}.Debug|x86.Deploy.0 = Debug|x86
		{3C6D0A0C-714A-4F2C-AFBC-2E2911737302}.Release|Any CPU.ActiveCfg = Release|x86
		{3C6D0A0C-714A-4F2C-AFBC-2E2911737302}.Release|ARM.ActiveCfg = Release|ARM
		{3C6D0A0C-714A-4F2C-AFBC-2E2911737302}.Release|ARM.Build.0 = Release|ARM
		{3C6D0A0C-714A-4F2C-AFBC-2E2911737302}.Release|ARM.Deploy.0 = Release|ARM
		{3C6D0A0C-714A-4F2C-AFBC-2E2911737302}.Release|x64.ActiveCfg = Release|x64
		{3C6D0A0C-714A-4F2C-AFBC-2E2911737302}.Release|x64.Build.0 = Release|x64
		{3C6D0A0C-714A-4F2C-AFBC-2E2911737302}.Release|x64.Deploy.0 = Release|x64
		{3C6D0A0C-714A-4F2C-AFBC-2E2911737302}.Release|x86.ActiveCfg = Release|x86
		{3C6D0A0C-714A-4F2C-AFBC-2E2911737302}.Release|x86.Build.0 = Release|x86
		{3C6D0A0C-714A-4F2C-AFBC-2E2911737302}.Release|x86.Deploy.0 = Release|x86
		{03807C5D-2941-40A8-B908-DC347A8CA19C}.Debug|Any CPU.ActiveCfg = Debug|Any CPU
		{03807C5D-2941-40A8-B908-DC347A8CA19C}.Debug|Any CPU.Build.0 = Debug|Any CPU
		{03807C5D-2941-40A8-B908-DC347A8CA19C}.Debug|ARM.ActiveCfg = Debug|Any CPU
		{03807C5D-2941-40A8-B908-DC347A8CA19C}.Debug|ARM.Build.0 = Debug|Any CPU
		{03807C5D-2941-40A8-B908-DC347A8CA19C}.Debug|x64.ActiveCfg = Debug|Any CPU
		{03807C5D-2941-40A8-B908-DC347A8CA19C}.Debug|x64.Build.0 = Debug|Any CPU
		{03807C5D-2941-40A8-B908-DC347A8CA19C}.Debug|x86.ActiveCfg = Debug|Any CPU
		{03807C5D-2941-40A8-B908-DC347A8CA19C}.Debug|x86.Build.0 = Debug|Any CPU
		{03807C5D-2941-40A8-B908-DC347A8CA19C}.Release|Any CPU.ActiveCfg = Release|Any CPU
		{03807C5D-2941-40A8-B908-DC347A8CA19C}.Release|Any CPU.Build.0 = Release|Any CPU
		{03807C5D-2941-40A8-B908-DC347A8CA19C}.Release|ARM.ActiveCfg = Release|Any CPU
		{03807C5D-2941-40A8-B908-DC347A8CA19C}.Release|ARM.Build.0 = Release|Any CPU
		{03807C5D-2941-40A8-B908-DC347A8CA19C}.Release|x64.ActiveCfg = Release|Any CPU
		{03807C5D-2941-40A8-B908-DC347A8CA19C}.Release|x64.Build.0 = Release|Any CPU
		{03807C5D-2941-40A8-B908-DC347A8CA19C}.Release|x86.ActiveCfg = Release|Any CPU
		{03807C5D-2941-40A8-B908-DC347A8CA19C}.Release|x86.Build.0 = Release|Any CPU
		{7FEA56B9-BAAE-46D2-9EB7-335CA1DE95FA}.Debug|Any CPU.ActiveCfg = Debug|Any CPU
		{7FEA56B9-BAAE-46D2-9EB7-335CA1DE95FA}.Debug|Any CPU.Build.0 = Debug|Any CPU
		{7FEA56B9-BAAE-46D2-9EB7-335CA1DE95FA}.Debug|ARM.ActiveCfg = Debug|Any CPU
		{7FEA56B9-BAAE-46D2-9EB7-335CA1DE95FA}.Debug|ARM.Build.0 = Debug|Any CPU
		{7FEA56B9-BAAE-46D2-9EB7-335CA1DE95FA}.Debug|x64.ActiveCfg = Debug|Any CPU
		{7FEA56B9-BAAE-46D2-9EB7-335CA1DE95FA}.Debug|x64.Build.0 = Debug|Any CPU
		{7FEA56B9-BAAE-46D2-9EB7-335CA1DE95FA}.Debug|x86.ActiveCfg = Debug|Any CPU
		{7FEA56B9-BAAE-46D2-9EB7-335CA1DE95FA}.Debug|x86.Build.0 = Debug|Any CPU
		{7FEA56B9-BAAE-46D2-9EB7-335CA1DE95FA}.Release|Any CPU.ActiveCfg = Release|Any CPU
		{7FEA56B9-BAAE-46D2-9EB7-335CA1DE95FA}.Release|Any CPU.Build.0 = Release|Any CPU
		{7FEA56B9-BAAE-46D2-9EB7-335CA1DE95FA}.Release|ARM.ActiveCfg = Release|Any CPU
		{7FEA56B9-BAAE-46D2-9EB7-335CA1DE95FA}.Release|ARM.Build.0 = Release|Any CPU
		{7FEA56B9-BAAE-46D2-9EB7-335CA1DE95FA}.Release|x64.ActiveCfg = Release|Any CPU
		{7FEA56B9-BAAE-46D2-9EB7-335CA1DE95FA}.Release|x64.Build.0 = Release|Any CPU
		{7FEA56B9-BAAE-46D2-9EB7-335CA1DE95FA}.Release|x86.ActiveCfg = Release|Any CPU
		{7FEA56B9-BAAE-46D2-9EB7-335CA1DE95FA}.Release|x86.Build.0 = Release|Any CPU
		{353DAF7F-DE21-4E07-9E32-3DD66736ED88}.Debug|Any CPU.ActiveCfg = Debug|Any CPU
		{353DAF7F-DE21-4E07-9E32-3DD66736ED88}.Debug|Any CPU.Build.0 = Debug|Any CPU
		{353DAF7F-DE21-4E07-9E32-3DD66736ED88}.Debug|ARM.ActiveCfg = Debug|Any CPU
		{353DAF7F-DE21-4E07-9E32-3DD66736ED88}.Debug|ARM.Build.0 = Debug|Any CPU
		{353DAF7F-DE21-4E07-9E32-3DD66736ED88}.Debug|x64.ActiveCfg = Debug|Any CPU
		{353DAF7F-DE21-4E07-9E32-3DD66736ED88}.Debug|x64.Build.0 = Debug|Any CPU
		{353DAF7F-DE21-4E07-9E32-3DD66736ED88}.Debug|x86.ActiveCfg = Debug|Any CPU
		{353DAF7F-DE21-4E07-9E32-3DD66736ED88}.Debug|x86.Build.0 = Debug|Any CPU
		{353DAF7F-DE21-4E07-9E32-3DD66736ED88}.Release|Any CPU.ActiveCfg = Release|Any CPU
		{353DAF7F-DE21-4E07-9E32-3DD66736ED88}.Release|Any CPU.Build.0 = Release|Any CPU
		{353DAF7F-DE21-4E07-9E32-3DD66736ED88}.Release|ARM.ActiveCfg = Release|Any CPU
		{353DAF7F-DE21-4E07-9E32-3DD66736ED88}.Release|ARM.Build.0 = Release|Any CPU
		{353DAF7F-DE21-4E07-9E32-3DD66736ED88}.Release|x64.ActiveCfg = Release|Any CPU
		{353DAF7F-DE21-4E07-9E32-3DD66736ED88}.Release|x64.Build.0 = Release|Any CPU
		{353DAF7F-DE21-4E07-9E32-3DD66736ED88}.Release|x86.ActiveCfg = Release|Any CPU
		{353DAF7F-DE21-4E07-9E32-3DD66736ED88}.Release|x86.Build.0 = Release|Any CPU
		{679E983E-2A24-4EAE-A241-8257F26EE0BE}.Debug|Any CPU.ActiveCfg = Debug|Any CPU
		{679E983E-2A24-4EAE-A241-8257F26EE0BE}.Debug|Any CPU.Build.0 = Debug|Any CPU
		{679E983E-2A24-4EAE-A241-8257F26EE0BE}.Debug|ARM.ActiveCfg = Debug|Any CPU
		{679E983E-2A24-4EAE-A241-8257F26EE0BE}.Debug|ARM.Build.0 = Debug|Any CPU
		{679E983E-2A24-4EAE-A241-8257F26EE0BE}.Debug|x64.ActiveCfg = Debug|Any CPU
		{679E983E-2A24-4EAE-A241-8257F26EE0BE}.Debug|x64.Build.0 = Debug|Any CPU
		{679E983E-2A24-4EAE-A241-8257F26EE0BE}.Debug|x86.ActiveCfg = Debug|Any CPU
		{679E983E-2A24-4EAE-A241-8257F26EE0BE}.Debug|x86.Build.0 = Debug|Any CPU
		{679E983E-2A24-4EAE-A241-8257F26EE0BE}.Release|Any CPU.ActiveCfg = Release|Any CPU
		{679E983E-2A24-4EAE-A241-8257F26EE0BE}.Release|Any CPU.Build.0 = Release|Any CPU
		{679E983E-2A24-4EAE-A241-8257F26EE0BE}.Release|ARM.ActiveCfg = Release|Any CPU
		{679E983E-2A24-4EAE-A241-8257F26EE0BE}.Release|ARM.Build.0 = Release|Any CPU
		{679E983E-2A24-4EAE-A241-8257F26EE0BE}.Release|x64.ActiveCfg = Release|Any CPU
		{679E983E-2A24-4EAE-A241-8257F26EE0BE}.Release|x64.Build.0 = Release|Any CPU
		{679E983E-2A24-4EAE-A241-8257F26EE0BE}.Release|x86.ActiveCfg = Release|Any CPU
		{679E983E-2A24-4EAE-A241-8257F26EE0BE}.Release|x86.Build.0 = Release|Any CPU
		{DBA68C19-E173-444A-9AAB-FB767B1B8079}.Debug|Any CPU.ActiveCfg = Debug|Any CPU
		{DBA68C19-E173-444A-9AAB-FB767B1B8079}.Debug|Any CPU.Build.0 = Debug|Any CPU
		{DBA68C19-E173-444A-9AAB-FB767B1B8079}.Debug|ARM.ActiveCfg = Debug|Any CPU
		{DBA68C19-E173-444A-9AAB-FB767B1B8079}.Debug|ARM.Build.0 = Debug|Any CPU
		{DBA68C19-E173-444A-9AAB-FB767B1B8079}.Debug|x64.ActiveCfg = Debug|Any CPU
		{DBA68C19-E173-444A-9AAB-FB767B1B8079}.Debug|x64.Build.0 = Debug|Any CPU
		{DBA68C19-E173-444A-9AAB-FB767B1B8079}.Debug|x86.ActiveCfg = Debug|Any CPU
		{DBA68C19-E173-444A-9AAB-FB767B1B8079}.Debug|x86.Build.0 = Debug|Any CPU
		{DBA68C19-E173-444A-9AAB-FB767B1B8079}.Release|Any CPU.ActiveCfg = Release|Any CPU
		{DBA68C19-E173-444A-9AAB-FB767B1B8079}.Release|Any CPU.Build.0 = Release|Any CPU
		{DBA68C19-E173-444A-9AAB-FB767B1B8079}.Release|ARM.ActiveCfg = Release|Any CPU
		{DBA68C19-E173-444A-9AAB-FB767B1B8079}.Release|ARM.Build.0 = Release|Any CPU
		{DBA68C19-E173-444A-9AAB-FB767B1B8079}.Release|x64.ActiveCfg = Release|Any CPU
		{DBA68C19-E173-444A-9AAB-FB767B1B8079}.Release|x64.Build.0 = Release|Any CPU
		{DBA68C19-E173-444A-9AAB-FB767B1B8079}.Release|x86.ActiveCfg = Release|Any CPU
		{DBA68C19-E173-444A-9AAB-FB767B1B8079}.Release|x86.Build.0 = Release|Any CPU
		{86221C74-6B4C-4FB0-9482-E6A5669ECEDA}.Debug|Any CPU.ActiveCfg = Debug|Any CPU
		{86221C74-6B4C-4FB0-9482-E6A5669ECEDA}.Debug|Any CPU.Build.0 = Debug|Any CPU
		{86221C74-6B4C-4FB0-9482-E6A5669ECEDA}.Debug|ARM.ActiveCfg = Debug|Any CPU
		{86221C74-6B4C-4FB0-9482-E6A5669ECEDA}.Debug|ARM.Build.0 = Debug|Any CPU
		{86221C74-6B4C-4FB0-9482-E6A5669ECEDA}.Debug|x64.ActiveCfg = Debug|Any CPU
		{86221C74-6B4C-4FB0-9482-E6A5669ECEDA}.Debug|x64.Build.0 = Debug|Any CPU
		{86221C74-6B4C-4FB0-9482-E6A5669ECEDA}.Debug|x86.ActiveCfg = Debug|Any CPU
		{86221C74-6B4C-4FB0-9482-E6A5669ECEDA}.Debug|x86.Build.0 = Debug|Any CPU
		{86221C74-6B4C-4FB0-9482-E6A5669ECEDA}.Release|Any CPU.ActiveCfg = Release|Any CPU
		{86221C74-6B4C-4FB0-9482-E6A5669ECEDA}.Release|Any CPU.Build.0 = Release|Any CPU
		{86221C74-6B4C-4FB0-9482-E6A5669ECEDA}.Release|ARM.ActiveCfg = Release|Any CPU
		{86221C74-6B4C-4FB0-9482-E6A5669ECEDA}.Release|ARM.Build.0 = Release|Any CPU
		{86221C74-6B4C-4FB0-9482-E6A5669ECEDA}.Release|x64.ActiveCfg = Release|Any CPU
		{86221C74-6B4C-4FB0-9482-E6A5669ECEDA}.Release|x64.Build.0 = Release|Any CPU
		{86221C74-6B4C-4FB0-9482-E6A5669ECEDA}.Release|x86.ActiveCfg = Release|Any CPU
		{86221C74-6B4C-4FB0-9482-E6A5669ECEDA}.Release|x86.Build.0 = Release|Any CPU
		{623A30E5-1B6F-446D-BC49-4CC6F713BEEE}.Debug|Any CPU.ActiveCfg = Debug|Any CPU
		{623A30E5-1B6F-446D-BC49-4CC6F713BEEE}.Debug|Any CPU.Build.0 = Debug|Any CPU
		{623A30E5-1B6F-446D-BC49-4CC6F713BEEE}.Debug|ARM.ActiveCfg = Debug|Any CPU
		{623A30E5-1B6F-446D-BC49-4CC6F713BEEE}.Debug|ARM.Build.0 = Debug|Any CPU
		{623A30E5-1B6F-446D-BC49-4CC6F713BEEE}.Debug|x64.ActiveCfg = Debug|Any CPU
		{623A30E5-1B6F-446D-BC49-4CC6F713BEEE}.Debug|x64.Build.0 = Debug|Any CPU
		{623A30E5-1B6F-446D-BC49-4CC6F713BEEE}.Debug|x86.ActiveCfg = Debug|Any CPU
		{623A30E5-1B6F-446D-BC49-4CC6F713BEEE}.Debug|x86.Build.0 = Debug|Any CPU
		{623A30E5-1B6F-446D-BC49-4CC6F713BEEE}.Release|Any CPU.ActiveCfg = Release|Any CPU
		{623A30E5-1B6F-446D-BC49-4CC6F713BEEE}.Release|Any CPU.Build.0 = Release|Any CPU
		{623A30E5-1B6F-446D-BC49-4CC6F713BEEE}.Release|ARM.ActiveCfg = Release|Any CPU
		{623A30E5-1B6F-446D-BC49-4CC6F713BEEE}.Release|ARM.Build.0 = Release|Any CPU
		{623A30E5-1B6F-446D-BC49-4CC6F713BEEE}.Release|x64.ActiveCfg = Release|Any CPU
		{623A30E5-1B6F-446D-BC49-4CC6F713BEEE}.Release|x64.Build.0 = Release|Any CPU
		{623A30E5-1B6F-446D-BC49-4CC6F713BEEE}.Release|x86.ActiveCfg = Release|Any CPU
		{623A30E5-1B6F-446D-BC49-4CC6F713BEEE}.Release|x86.Build.0 = Release|Any CPU
		{72AFCC8A-5786-4132-86C3-56F0FC17671A}.Debug|Any CPU.ActiveCfg = Debug|Any CPU
		{72AFCC8A-5786-4132-86C3-56F0FC17671A}.Debug|Any CPU.Build.0 = Debug|Any CPU
		{72AFCC8A-5786-4132-86C3-56F0FC17671A}.Debug|ARM.ActiveCfg = Debug|Any CPU
		{72AFCC8A-5786-4132-86C3-56F0FC17671A}.Debug|ARM.Build.0 = Debug|Any CPU
		{72AFCC8A-5786-4132-86C3-56F0FC17671A}.Debug|x64.ActiveCfg = Debug|Any CPU
		{72AFCC8A-5786-4132-86C3-56F0FC17671A}.Debug|x64.Build.0 = Debug|Any CPU
		{72AFCC8A-5786-4132-86C3-56F0FC17671A}.Debug|x86.ActiveCfg = Debug|Any CPU
		{72AFCC8A-5786-4132-86C3-56F0FC17671A}.Debug|x86.Build.0 = Debug|Any CPU
		{72AFCC8A-5786-4132-86C3-56F0FC17671A}.Release|Any CPU.ActiveCfg = Release|Any CPU
		{72AFCC8A-5786-4132-86C3-56F0FC17671A}.Release|Any CPU.Build.0 = Release|Any CPU
		{72AFCC8A-5786-4132-86C3-56F0FC17671A}.Release|ARM.ActiveCfg = Release|Any CPU
		{72AFCC8A-5786-4132-86C3-56F0FC17671A}.Release|ARM.Build.0 = Release|Any CPU
		{72AFCC8A-5786-4132-86C3-56F0FC17671A}.Release|x64.ActiveCfg = Release|Any CPU
		{72AFCC8A-5786-4132-86C3-56F0FC17671A}.Release|x64.Build.0 = Release|Any CPU
		{72AFCC8A-5786-4132-86C3-56F0FC17671A}.Release|x86.ActiveCfg = Release|Any CPU
		{72AFCC8A-5786-4132-86C3-56F0FC17671A}.Release|x86.Build.0 = Release|Any CPU
		{F2579A8F-B919-4DF8-BE4D-1913FE5B7D2B}.Debug|Any CPU.ActiveCfg = Debug|x86
		{F2579A8F-B919-4DF8-BE4D-1913FE5B7D2B}.Debug|Any CPU.Build.0 = Debug|x86
		{F2579A8F-B919-4DF8-BE4D-1913FE5B7D2B}.Debug|Any CPU.Deploy.0 = Debug|x86
		{F2579A8F-B919-4DF8-BE4D-1913FE5B7D2B}.Debug|ARM.ActiveCfg = Debug|ARM
		{F2579A8F-B919-4DF8-BE4D-1913FE5B7D2B}.Debug|ARM.Build.0 = Debug|ARM
		{F2579A8F-B919-4DF8-BE4D-1913FE5B7D2B}.Debug|ARM.Deploy.0 = Debug|ARM
		{F2579A8F-B919-4DF8-BE4D-1913FE5B7D2B}.Debug|x64.ActiveCfg = Debug|x64
		{F2579A8F-B919-4DF8-BE4D-1913FE5B7D2B}.Debug|x64.Build.0 = Debug|x64
		{F2579A8F-B919-4DF8-BE4D-1913FE5B7D2B}.Debug|x64.Deploy.0 = Debug|x64
		{F2579A8F-B919-4DF8-BE4D-1913FE5B7D2B}.Debug|x86.ActiveCfg = Debug|x86
		{F2579A8F-B919-4DF8-BE4D-1913FE5B7D2B}.Debug|x86.Build.0 = Debug|x86
		{F2579A8F-B919-4DF8-BE4D-1913FE5B7D2B}.Debug|x86.Deploy.0 = Debug|x86
		{F2579A8F-B919-4DF8-BE4D-1913FE5B7D2B}.Release|Any CPU.ActiveCfg = Release|x86
		{F2579A8F-B919-4DF8-BE4D-1913FE5B7D2B}.Release|ARM.ActiveCfg = Release|ARM
		{F2579A8F-B919-4DF8-BE4D-1913FE5B7D2B}.Release|ARM.Build.0 = Release|ARM
		{F2579A8F-B919-4DF8-BE4D-1913FE5B7D2B}.Release|ARM.Deploy.0 = Release|ARM
		{F2579A8F-B919-4DF8-BE4D-1913FE5B7D2B}.Release|x64.ActiveCfg = Release|x64
		{F2579A8F-B919-4DF8-BE4D-1913FE5B7D2B}.Release|x64.Build.0 = Release|x64
		{F2579A8F-B919-4DF8-BE4D-1913FE5B7D2B}.Release|x64.Deploy.0 = Release|x64
		{F2579A8F-B919-4DF8-BE4D-1913FE5B7D2B}.Release|x86.ActiveCfg = Release|x86
		{F2579A8F-B919-4DF8-BE4D-1913FE5B7D2B}.Release|x86.Build.0 = Release|x86
		{F2579A8F-B919-4DF8-BE4D-1913FE5B7D2B}.Release|x86.Deploy.0 = Release|x86
		{4720B26E-41EB-4D72-99FE-A3CE77B262BF}.Debug|Any CPU.ActiveCfg = Debug|x86
		{4720B26E-41EB-4D72-99FE-A3CE77B262BF}.Debug|Any CPU.Build.0 = Debug|x86
		{4720B26E-41EB-4D72-99FE-A3CE77B262BF}.Debug|Any CPU.Deploy.0 = Debug|x86
		{4720B26E-41EB-4D72-99FE-A3CE77B262BF}.Debug|ARM.ActiveCfg = Debug|ARM
		{4720B26E-41EB-4D72-99FE-A3CE77B262BF}.Debug|ARM.Build.0 = Debug|ARM
		{4720B26E-41EB-4D72-99FE-A3CE77B262BF}.Debug|ARM.Deploy.0 = Debug|ARM
		{4720B26E-41EB-4D72-99FE-A3CE77B262BF}.Debug|x64.ActiveCfg = Debug|x64
		{4720B26E-41EB-4D72-99FE-A3CE77B262BF}.Debug|x64.Build.0 = Debug|x64
		{4720B26E-41EB-4D72-99FE-A3CE77B262BF}.Debug|x64.Deploy.0 = Debug|x64
		{4720B26E-41EB-4D72-99FE-A3CE77B262BF}.Debug|x86.ActiveCfg = Debug|x86
		{4720B26E-41EB-4D72-99FE-A3CE77B262BF}.Debug|x86.Build.0 = Debug|x86
		{4720B26E-41EB-4D72-99FE-A3CE77B262BF}.Debug|x86.Deploy.0 = Debug|x86
		{4720B26E-41EB-4D72-99FE-A3CE77B262BF}.Release|Any CPU.ActiveCfg = Release|x86
		{4720B26E-41EB-4D72-99FE-A3CE77B262BF}.Release|ARM.ActiveCfg = Release|ARM
		{4720B26E-41EB-4D72-99FE-A3CE77B262BF}.Release|ARM.Build.0 = Release|ARM
		{4720B26E-41EB-4D72-99FE-A3CE77B262BF}.Release|ARM.Deploy.0 = Release|ARM
		{4720B26E-41EB-4D72-99FE-A3CE77B262BF}.Release|x64.ActiveCfg = Release|x64
		{4720B26E-41EB-4D72-99FE-A3CE77B262BF}.Release|x64.Build.0 = Release|x64
		{4720B26E-41EB-4D72-99FE-A3CE77B262BF}.Release|x64.Deploy.0 = Release|x64
		{4720B26E-41EB-4D72-99FE-A3CE77B262BF}.Release|x86.ActiveCfg = Release|x86
		{4720B26E-41EB-4D72-99FE-A3CE77B262BF}.Release|x86.Build.0 = Release|x86
		{4720B26E-41EB-4D72-99FE-A3CE77B262BF}.Release|x86.Deploy.0 = Release|x86
		{79D7C4CF-709B-4AC3-AAE4-4CF6C2ADA211}.Debug|Any CPU.ActiveCfg = Debug|x86
		{79D7C4CF-709B-4AC3-AAE4-4CF6C2ADA211}.Debug|ARM.ActiveCfg = Debug|ARM
		{79D7C4CF-709B-4AC3-AAE4-4CF6C2ADA211}.Debug|ARM.Build.0 = Debug|ARM
		{79D7C4CF-709B-4AC3-AAE4-4CF6C2ADA211}.Debug|ARM.Deploy.0 = Debug|ARM
		{79D7C4CF-709B-4AC3-AAE4-4CF6C2ADA211}.Debug|x64.ActiveCfg = Debug|x64
		{79D7C4CF-709B-4AC3-AAE4-4CF6C2ADA211}.Debug|x64.Build.0 = Debug|x64
		{79D7C4CF-709B-4AC3-AAE4-4CF6C2ADA211}.Debug|x64.Deploy.0 = Debug|x64
		{79D7C4CF-709B-4AC3-AAE4-4CF6C2ADA211}.Debug|x86.ActiveCfg = Debug|x86
		{79D7C4CF-709B-4AC3-AAE4-4CF6C2ADA211}.Debug|x86.Build.0 = Debug|x86
		{79D7C4CF-709B-4AC3-AAE4-4CF6C2ADA211}.Debug|x86.Deploy.0 = Debug|x86
		{79D7C4CF-709B-4AC3-AAE4-4CF6C2ADA211}.Release|Any CPU.ActiveCfg = Release|x86
		{79D7C4CF-709B-4AC3-AAE4-4CF6C2ADA211}.Release|ARM.ActiveCfg = Release|ARM
		{79D7C4CF-709B-4AC3-AAE4-4CF6C2ADA211}.Release|ARM.Build.0 = Release|ARM
		{79D7C4CF-709B-4AC3-AAE4-4CF6C2ADA211}.Release|ARM.Deploy.0 = Release|ARM
		{79D7C4CF-709B-4AC3-AAE4-4CF6C2ADA211}.Release|x64.ActiveCfg = Release|x64
		{79D7C4CF-709B-4AC3-AAE4-4CF6C2ADA211}.Release|x64.Build.0 = Release|x64
		{79D7C4CF-709B-4AC3-AAE4-4CF6C2ADA211}.Release|x64.Deploy.0 = Release|x64
		{79D7C4CF-709B-4AC3-AAE4-4CF6C2ADA211}.Release|x86.ActiveCfg = Release|x86
		{79D7C4CF-709B-4AC3-AAE4-4CF6C2ADA211}.Release|x86.Build.0 = Release|x86
		{79D7C4CF-709B-4AC3-AAE4-4CF6C2ADA211}.Release|x86.Deploy.0 = Release|x86
	EndGlobalSection
	GlobalSection(SolutionProperties) = preSolution
		HideSolutionNode = FALSE
	EndGlobalSection
	GlobalSection(ExtensibilityGlobals) = postSolution
		SolutionGuid = {851D9CD6-9218-4CE6-AA65-077ABAF8F695}
	EndGlobalSection
EndGlobal
